
Microsoft Visual Studio Solution File, Format Version 12.00
# Visual Studio Version 17
VisualStudioVersion = 17.0.31903.59
MinimumVisualStudioVersion = 10.0.40219.1
Project("{FAE04EC0-301F-11D3-BF4B-00C04F79EFBC}") = "Answers", "Answers\Answers.csproj", "{014F0BA6-8B88-4417-ACD9-34863BC62705}"
EndProject
Project("{FAE04EC0-301F-11D3-BF4B-00C04F79EFBC}") = "Tests", "Tests\Tests.csproj", "{A2609066-5E59-4A91-9E11-444BB87815AB}"
EndProject
Global
	GlobalSection(SolutionConfigurationPlatforms) = preSolution
		Debug|Any CPU = Debug|Any CPU
		Release|Any CPU = Release|Any CPU
	EndGlobalSection
	GlobalSection(SolutionProperties) = preSolution
		HideSolutionNode = FALSE
	EndGlobalSection
	GlobalSection(ProjectConfigurationPlatforms) = postSolution
		{014F0BA6-8B88-4417-ACD9-34863BC62705}.Debug|Any CPU.ActiveCfg = Debug|Any CPU
		{014F0BA6-8B88-4417-ACD9-34863BC62705}.Debug|Any CPU.Build.0 = Debug|Any CPU
		{014F0BA6-8B88-4417-ACD9-34863BC62705}.Release|Any CPU.ActiveCfg = Release|Any CPU
		{014F0BA6-8B88-4417-ACD9-34863BC62705}.Release|Any CPU.Build.0 = Release|Any CPU
		{A2609066-5E59-4A91-9E11-444BB87815AB}.Debug|Any CPU.ActiveCfg = Debug|Any CPU
		{A2609066-5E59-4A91-9E11-444BB87815AB}.Debug|Any CPU.Build.0 = Debug|Any CPU
		{A2609066-5E59-4A91-9E11-444BB87815AB}.Release|Any CPU.ActiveCfg = Release|Any CPU
		{A2609066-5E59-4A91-9E11-444BB87815AB}.Release|Any CPU.Build.0 = Release|Any CPU
	EndGlobalSection
EndGlobal
